# This file is generated by running "yarn install" inside your project.
# Manual changes might be lost - proceed with caution!

__metadata:
  version: 6
  cacheKey: 8

"@larvit/eslint-config-esm@workspace:.":
  version: 0.0.0-use.local
  resolution: "@larvit/eslint-config-esm@workspace:."
  dependencies:
    eslint-plugin-simple-import-sort: 10.0.0
  peerDependencies:
    eslint: ">= 8"
  languageName: unknown
  linkType: soft

"eslint-plugin-simple-import-sort@npm:10.0.0":
  version: 10.0.0
  resolution: "eslint-plugin-simple-import-sort@npm:10.0.0"
  peerDependencies:
    eslint: ">=5.0.0"
  checksum: 23221ff63f80f9c52da807d388ee8a51bc36a3b73345f60ec886e7973c28d75eb1d1e47f7f2916a7c1f94a1b5037b1450356a64a8fbd58096fd6bee57c6e3e48
  languageName: node
  linkType: hard
