# This file is generated by running "yarn install" inside your project.
# Manual changes might be lost - proceed with caution!

__metadata:
  version: 8
  cacheKey: 10c0

"@larvit/eslint-config-esm@workspace:.":
  version: 0.0.0-use.local
  resolution: "@larvit/eslint-config-esm@workspace:."
  dependencies:
    eslint-plugin-simple-import-sort: "npm:11.0.0"
  peerDependencies:
    eslint: ">= 8"
  languageName: unknown
  linkType: soft

"eslint-plugin-simple-import-sort@npm:11.0.0":
  version: 11.0.0
  resolution: "eslint-plugin-simple-import-sort@npm:11.0.0"
  peerDependencies:
    eslint: ">=5.0.0"
  checksum: 10c0/25f561019a69b2e4c37cfb5f838a6f987f9f57faafc4640272711e05dda49e41196d3d54d35bab6e21c126458f31ff7411c2142944a0ff38dac0da7661b43b96
  languageName: node
  linkType: hard
