# This file is generated by running "yarn install" inside your project.
# Manual changes might be lost - proceed with caution!

__metadata:
  version: 8
  cacheKey: 10c0

"@larvit/eslint-config-esm@workspace:.":
  version: 0.0.0-use.local
  resolution: "@larvit/eslint-config-esm@workspace:."
  dependencies:
    eslint-plugin-simple-import-sort: "npm:10.0.0"
  peerDependencies:
    eslint: ">= 8"
  languageName: unknown
  linkType: soft

"eslint-plugin-simple-import-sort@npm:10.0.0":
  version: 10.0.0
  resolution: "eslint-plugin-simple-import-sort@npm:10.0.0"
  peerDependencies:
    eslint: ">=5.0.0"
  checksum: 10c0/1ae0814d23816d51d010cfbc5ee0a0dde8d825a3093876b2e8219a0562d53f4d4794508551e503ebe2ea98904cb35204dbe54dfbf9d7fc8b8e3ea25c52aa68ac
  languageName: node
  linkType: hard
